
Microsoft Visual Studio Solution File, Format Version 12.00
# Visual Studio Version 17
VisualStudioVersion = 17.0.31903.59
MinimumVisualStudioVersion = 10.0.40219.1
Project("{2150E333-8FDC-42A3-9474-1A3956D46DE8}") = "src", "src", "{907333E6-7FCE-46A2-8CF1-A0D58B188C15}"
EndProject
Project("{9A19103F-16F7-4668-BE54-9A1E7A4F7556}") = "IdentityServer", "src\IdentityServer\IdentityServer.csproj", "{8AEE296D-F0FE-417D-98EA-42C80AE37456}"
EndProject
Project("{FAE04EC0-301F-11D3-BF4B-00C04F79EFBC}") = "Server", "src\Server\Server.csproj", "{F7A78D50-EDE4-4DEC-ABDE-CF3304672814}"
EndProject
Global
	GlobalSection(SolutionConfigurationPlatforms) = preSolution
		Debug|Any CPU = Debug|Any CPU
		Release|Any CPU = Release|Any CPU
	EndGlobalSection
	GlobalSection(ProjectConfigurationPlatforms) = postSolution
		{8AEE296D-F0FE-417D-98EA-42C80AE37456}.Debug|Any CPU.ActiveCfg = Debug|Any CPU
		{8AEE296D-F0FE-417D-98EA-42C80AE37456}.Debug|Any CPU.Build.0 = Debug|Any CPU
		{8AEE296D-F0FE-417D-98EA-42C80AE37456}.Release|Any CPU.ActiveCfg = Release|Any CPU
		{8AEE296D-F0FE-417D-98EA-42C80AE37456}.Release|Any CPU.Build.0 = Release|Any CPU
		{F7A78D50-EDE4-4DEC-ABDE-CF3304672814}.Debug|Any CPU.ActiveCfg = Debug|Any CPU
		{F7A78D50-EDE4-4DEC-ABDE-CF3304672814}.Debug|Any CPU.Build.0 = Debug|Any CPU
		{F7A78D50-EDE4-4DEC-ABDE-CF3304672814}.Release|Any CPU.ActiveCfg = Release|Any CPU
		{F7A78D50-EDE4-4DEC-ABDE-CF3304672814}.Release|Any CPU.Build.0 = Release|Any CPU
	EndGlobalSection
	GlobalSection(SolutionProperties) = preSolution
		HideSolutionNode = FALSE
	EndGlobalSection
	GlobalSection(NestedProjects) = preSolution
		{8AEE296D-F0FE-417D-98EA-42C80AE37456} = {907333E6-7FCE-46A2-8CF1-A0D58B188C15}
		{F7A78D50-EDE4-4DEC-ABDE-CF3304672814} = {907333E6-7FCE-46A2-8CF1-A0D58B188C15}
	EndGlobalSection
	GlobalSection(ExtensibilityGlobals) = postSolution
		SolutionGuid = {BEF1B3EF-1222-4D31-9386-AE317A96A949}
	EndGlobalSection
EndGlobal
